
Microsoft Visual Studio Solution File, Format Version 12.00
# Visual Studio 2012
Project("{FAE04EC0-301F-11D3-BF4B-00C04F79EFBC}") = "TestAngular", "TestAngular\TestAngular.csproj", "{D851FEB8-2517-4E61-ADB2-4365C9397780}"
EndProject
Global
	GlobalSection(SolutionConfigurationPlatforms) = preSolution
		Debug|Any CPU = Debug|Any CPU
		Release|Any CPU = Release|Any CPU
	EndGlobalSection
	GlobalSection(ProjectConfigurationPlatforms) = postSolution
		{D851FEB8-2517-4E61-ADB2-4365C9397780}.Debug|Any CPU.ActiveCfg = Debug|Any CPU
		{D851FEB8-2517-4E61-ADB2-4365C9397780}.Debug|Any CPU.Build.0 = Debug|Any CPU
		{D851FEB8-2517-4E61-ADB2-4365C9397780}.Release|Any CPU.ActiveCfg = Release|Any CPU
		{D851FEB8-2517-4E61-ADB2-4365C9397780}.Release|Any CPU.Build.0 = Release|Any CPU
	EndGlobalSection
	GlobalSection(SolutionProperties) = preSolution
		HideSolutionNode = FALSE
	EndGlobalSection
EndGlobal
